{
  "originHash" : "d63a1cf852efbb19a0c0bddb96489d8d4ed0541732a09c7ee54ef7acbcfe7b42",
  "pins" : [
    {
      "identity" : "ouro-native-apple-app-shell",
      "kind" : "remoteSourceControl",
      "location" : "https://github.com/ourostack/ouro-native-apple-app-shell.git",
      "state" : {
        "branch" : "main",
        "revision" : "68200a4e4b52124320ba0f34dbcdf39c455fbd90"
      }
    },
    {
      "identity" : "swift-argument-parser",
      "kind" : "remoteSourceControl",
      "location" : "https://github.com/apple/swift-argument-parser",
      "state" : {
        "revision" : "626b5b7b2f45e1b0b1c6f4a309296d1d21d7311b",
        "version" : "1.7.1"
      }
    },
    {
      "identity" : "swiftterm",
      "kind" : "remoteSourceControl",
      "location" : "https://github.com/migueldeicaza/SwiftTerm.git",
      "state" : {
        "revision" : "8e7a1e154f470e19c709a00a8768df348ba5fc43",
        "version" : "1.13.0"
      }
    },
    {
      "identity" : "viewinspector",
      "kind" : "remoteSourceControl",
      "location" : "https://github.com/nalexn/ViewInspector.git",
      "state" : {
        "revision" : "e9a06346499a3a889165647e3f23f8a7b2609a1c",
        "version" : "0.10.3"
      }
    }
  ],
  "version" : 3
}
